// !$*UTF8*$!
{
	archiveVersion = 1;
	classes = {
	};
	objectVersion = 56;
	objects = {

/* Begin PBXBuildFile section */
		D93C66D62C355F47003EE0F2 /* HikeApp.swift in Sources */ = {isa = PBXBuildFile; fileRef = D93C66D52C355F47003EE0F2 /* HikeApp.swift */; };
		D93C66D82C355F47003EE0F2 /* ContentView.swift in Sources */ = {isa = PBXBuildFile; fileRef = D93C66D72C355F47003EE0F2 /* ContentView.swift */; };
		D93C66DA2C355F48003EE0F2 /* Assets.xcassets in Resources */ = {isa = PBXBuildFile; fileRef = D93C66D92C355F48003EE0F2 /* Assets.xcassets */; };
		D93C66DD2C355F48003EE0F2 /* Preview Assets.xcassets in Resources */ = {isa = PBXBuildFile; fileRef = D93C66DC2C355F48003EE0F2 /* Preview Assets.xcassets */; };
		D93C66E42C3560B5003EE0F2 /* CardView.swift in Sources */ = {isa = PBXBuildFile; fileRef = D93C66E32C3560B5003EE0F2 /* CardView.swift */; };
		D93C66E72C3565BC003EE0F2 /* CustomBackgroundView.swift in Sources */ = {isa = PBXBuildFile; fileRef = D93C66E62C3565BC003EE0F2 /* CustomBackgroundView.swift */; };
		D93C66EC2C356A8B003EE0F2 /* ColorExtension.swift in Sources */ = {isa = PBXBuildFile; fileRef = D93C66EB2C356A8B003EE0F2 /* ColorExtension.swift */; };
		D949FFFF2CD971B900A6B549 /* SettingsView.swift in Sources */ = {isa = PBXBuildFile; fileRef = D949FFFE2CD971B400A6B549 /* SettingsView.swift */; };
		D95862212CD95CB300D342E1 /* CustomButtonView.swift in Sources */ = {isa = PBXBuildFile; fileRef = D95862202CD95CA900D342E1 /* CustomButtonView.swift */; };
		D95862232CD961EF00D342E1 /* GradientButtonStyle.swift in Sources */ = {isa = PBXBuildFile; fileRef = D95862222CD961E000D342E1 /* GradientButtonStyle.swift */; };
		D95862252CD96BC700D342E1 /* CustomCircleView.swift in Sources */ = {isa = PBXBuildFile; fileRef = D95862242CD96BBC00D342E1 /* CustomCircleView.swift */; };
		D95862272CD96D0400D342E1 /* MotionAnimationView.swift in Sources */ = {isa = PBXBuildFile; fileRef = D95862262CD96CFC00D342E1 /* MotionAnimationView.swift */; };
/* End PBXBuildFile section */

/* Begin PBXFileReference section */
		D93C66D22C355F47003EE0F2 /* Hike.app */ = {isa = PBXFileReference; explicitFileType = wrapper.application; includeInIndex = 0; path = Hike.app; sourceTree = BUILT_PRODUCTS_DIR; };
		D93C66D52C355F47003EE0F2 /* HikeApp.swift */ = {isa = PBXFileReference; lastKnownFileType = sourcecode.swift; path = HikeApp.swift; sourceTree = "<group>"; };
		D93C66D72C355F47003EE0F2 /* ContentView.swift */ = {isa = PBXFileReference; lastKnownFileType = sourcecode.swift; path = ContentView.swift; sourceTree = "<group>"; };
		D93C66D92C355F48003EE0F2 /* Assets.xcassets */ = {isa = PBXFileReference; lastKnownFileType = folder.assetcatalog; path = Assets.xcassets; sourceTree = "<group>"; };
		D93C66DC2C355F48003EE0F2 /* Preview Assets.xcassets */ = {isa = PBXFileReference; lastKnownFileType = folder.assetcatalog; path = "Preview Assets.xcassets"; sourceTree = "<group>"; };
		D93C66E32C3560B5003EE0F2 /* CardView.swift */ = {isa = PBXFileReference; lastKnownFileType = sourcecode.swift; path = CardView.swift; sourceTree = "<group>"; };
		D93C66E62C3565BC003EE0F2 /* CustomBackgroundView.swift */ = {isa = PBXFileReference; lastKnownFileType = sourcecode.swift; path = CustomBackgroundView.swift; sourceTree = "<group>"; };
		D93C66EB2C356A8B003EE0F2 /* ColorExtension.swift */ = {isa = PBXFileReference; lastKnownFileType = sourcecode.swift; path = ColorExtension.swift; sourceTree = "<group>"; };
		D949FFFE2CD971B400A6B549 /* SettingsView.swift */ = {isa = PBXFileReference; lastKnownFileType = sourcecode.swift; path = SettingsView.swift; sourceTree = "<group>"; };
		D95862202CD95CA900D342E1 /* CustomButtonView.swift */ = {isa = PBXFileReference; lastKnownFileType = sourcecode.swift; path = CustomButtonView.swift; sourceTree = "<group>"; };
		D95862222CD961E000D342E1 /* GradientButtonStyle.swift */ = {isa = PBXFileReference; lastKnownFileType = sourcecode.swift; path = GradientButtonStyle.swift; sourceTree = "<group>"; };
		D95862242CD96BBC00D342E1 /* CustomCircleView.swift */ = {isa = PBXFileReference; lastKnownFileType = sourcecode.swift; path = CustomCircleView.swift; sourceTree = "<group>"; };
		D95862262CD96CFC00D342E1 /* MotionAnimationView.swift */ = {isa = PBXFileReference; lastKnownFileType = sourcecode.swift; path = MotionAnimationView.swift; sourceTree = "<group>"; };
/* End PBXFileReference section */

/* Begin PBXFrameworksBuildPhase section */
		D93C66CF2C355F47003EE0F2 /* Frameworks */ = {
			isa = PBXFrameworksBuildPhase;
			buildActionMask = 2147483647;
			files = (
			);
			runOnlyForDeploymentPostprocessing = 0;
		};
/* End PBXFrameworksBuildPhase section */

/* Begin PBXGroup section */
		D93C66C92C355F47003EE0F2 = {
			isa = PBXGroup;
			children = (
				D93C66D42C355F47003EE0F2 /* Hike */,
				D93C66D32C355F47003EE0F2 /* Products */,
			);
			sourceTree = "<group>";
		};
		D93C66D32C355F47003EE0F2 /* Products */ = {
			isa = PBXGroup;
			children = (
				D93C66D22C355F47003EE0F2 /* Hike.app */,
			);
			name = Products;
			sourceTree = "<group>";
		};
		D93C66D42C355F47003EE0F2 /* Hike */ = {
			isa = PBXGroup;
			children = (
				D93C66E82C356A5F003EE0F2 /* Utility */,
				D93C66D52C355F47003EE0F2 /* HikeApp.swift */,
				D949FFFD2CD971AB00A6B549 /* Screen */,
				D93C66D92C355F48003EE0F2 /* Assets.xcassets */,
				D93C66DB2C355F48003EE0F2 /* Preview Content */,
				D93C66E52C35619F003EE0F2 /* Component */,
			);
			path = Hike;
			sourceTree = "<group>";
		};
		D93C66DB2C355F48003EE0F2 /* Preview Content */ = {
			isa = PBXGroup;
			children = (
				D93C66DC2C355F48003EE0F2 /* Preview Assets.xcassets */,
			);
			path = "Preview Content";
			sourceTree = "<group>";
		};
		D93C66E52C35619F003EE0F2 /* Component */ = {
			isa = PBXGroup;
			children = (
				D95862262CD96CFC00D342E1 /* MotionAnimationView.swift */,
				D95862242CD96BBC00D342E1 /* CustomCircleView.swift */,
				D95862202CD95CA900D342E1 /* CustomButtonView.swift */,
				D93C66E32C3560B5003EE0F2 /* CardView.swift */,
				D93C66E62C3565BC003EE0F2 /* CustomBackgroundView.swift */,
			);
			path = Component;
			sourceTree = "<group>";
		};
		D93C66E82C356A5F003EE0F2 /* Utility */ = {
			isa = PBXGroup;
			children = (
				D95862222CD961E000D342E1 /* GradientButtonStyle.swift */,
				D93C66EB2C356A8B003EE0F2 /* ColorExtension.swift */,
			);
			path = Utility;
			sourceTree = "<group>";
		};
		D949FFFD2CD971AB00A6B549 /* Screen */ = {
			isa = PBXGroup;
			children = (
				D949FFFE2CD971B400A6B549 /* SettingsView.swift */,
				D93C66D72C355F47003EE0F2 /* ContentView.swift */,
			);
			path = Screen;
			sourceTree = "<group>";
		};
/* End PBXGroup section */

/* Begin PBXNativeTarget section */
		D93C66D12C355F47003EE0F2 /* Hike */ = {
			isa = PBXNativeTarget;
			buildConfigurationList = D93C66E02C355F48003EE0F2 /* Build configuration list for PBXNativeTarget "Hike" */;
			buildPhases = (
				D93C66CE2C355F47003EE0F2 /* Sources */,
				D93C66CF2C355F47003EE0F2 /* Frameworks */,
				D93C66D02C355F47003EE0F2 /* Resources */,
			);
			buildRules = (
			);
			dependencies = (
			);
			name = Hike;
			productName = Hike;
			productReference = D93C66D22C355F47003EE0F2 /* Hike.app */;
			productType = "com.apple.product-type.application";
		};
/* End PBXNativeTarget section */

/* Begin PBXProject section */
		D93C66CA2C355F47003EE0F2 /* Project object */ = {
			isa = PBXProject;
			attributes = {
				BuildIndependentTargetsInParallel = 1;
				LastSwiftUpdateCheck = 1510;
				LastUpgradeCheck = 1510;
				TargetAttributes = {
					D93C66D12C355F47003EE0F2 = {
						CreatedOnToolsVersion = 15.1;
					};
				};
			};
			buildConfigurationList = D93C66CD2C355F47003EE0F2 /* Build configuration list for PBXProject "Hike" */;
			compatibilityVersion = "Xcode 14.0";
			developmentRegion = en;
			hasScannedForEncodings = 0;
			knownRegions = (
				en,
				Base,
			);
			mainGroup = D93C66C92C355F47003EE0F2;
			productRefGroup = D93C66D32C355F47003EE0F2 /* Products */;
			projectDirPath = "";
			projectRoot = "";
			targets = (
				D93C66D12C355F47003EE0F2 /* Hike */,
			);
		};
/* End PBXProject section */

/* Begin PBXResourcesBuildPhase section */
		D93C66D02C355F47003EE0F2 /* Resources */ = {
			isa = PBXResourcesBuildPhase;
			buildActionMask = 2147483647;
			files = (
				D93C66DD2C355F48003EE0F2 /* Preview Assets.xcassets in Resources */,
				D93C66DA2C355F48003EE0F2 /* Assets.xcassets in Resources */,
			);
			runOnlyForDeploymentPostprocessing = 0;
		};
/* End PBXResourcesBuildPhase section */

/* Begin PBXSourcesBuildPhase section */
		D93C66CE2C355F47003EE0F2 /* Sources */ = {
			isa = PBXSourcesBuildPhase;
			buildActionMask = 2147483647;
			files = (
				D93C66D82C355F47003EE0F2 /* ContentView.swift in Sources */,
				D95862252CD96BC700D342E1 /* CustomCircleView.swift in Sources */,
				D93C66E42C3560B5003EE0F2 /* CardView.swift in Sources */,
				D93C66D62C355F47003EE0F2 /* HikeApp.swift in Sources */,
				D95862212CD95CB300D342E1 /* CustomButtonView.swift in Sources */,
				D949FFFF2CD971B900A6B549 /* SettingsView.swift in Sources */,
				D95862232CD961EF00D342E1 /* GradientButtonStyle.swift in Sources */,
				D95862272CD96D0400D342E1 /* MotionAnimationView.swift in Sources */,
				D93C66E72C3565BC003EE0F2 /* CustomBackgroundView.swift in Sources */,
				D93C66EC2C356A8B003EE0F2 /* ColorExtension.swift in Sources */,
			);
			runOnlyForDeploymentPostprocessing = 0;
		};
/* End PBXSourcesBuildPhase section */

/* Begin XCBuildConfiguration section */
		D93C66DE2C355F48003EE0F2 /* Debug */ = {
			isa = XCBuildConfiguration;
			buildSettings = {
				ALWAYS_SEARCH_USER_PATHS = NO;
				ASSETCATALOG_COMPILER_GENERATE_SWIFT_ASSET_SYMBOL_EXTENSIONS = YES;
				CLANG_ANALYZER_NONNULL = YES;
				CLANG_ANALYZER_NUMBER_OBJECT_CONVERSION = YES_AGGRESSIVE;
				CLANG_CXX_LANGUAGE_STANDARD = "gnu++20";
				CLANG_ENABLE_MODULES = YES;
				CLANG_ENABLE_OBJC_ARC = YES;
				CLANG_ENABLE_OBJC_WEAK = YES;
				CLANG_WARN_BLOCK_CAPTURE_AUTORELEASING = YES;
				CLANG_WARN_BOOL_CONVERSION = YES;
				CLANG_WARN_COMMA = YES;
				CLANG_WARN_CONSTANT_CONVERSION = YES;
				CLANG_WARN_DEPRECATED_OBJC_IMPLEMENTATIONS = YES;
				CLANG_WARN_DIRECT_OBJC_ISA_USAGE = YES_ERROR;
				CLANG_WARN_DOCUMENTATION_COMMENTS = YES;
				CLANG_WARN_EMPTY_BODY = YES;
				CLANG_WARN_ENUM_CONVERSION = YES;
				CLANG_WARN_INFINITE_RECURSION = YES;
				CLANG_WARN_INT_CONVERSION = YES;
				CLANG_WARN_NON_LITERAL_NULL_CONVERSION = YES;
				CLANG_WARN_OBJC_IMPLICIT_RETAIN_SELF = YES;
				CLANG_WARN_OBJC_LITERAL_CONVERSION = YES;
				CLANG_WARN_OBJC_ROOT_CLASS = YES_ERROR;
				CLANG_WARN_QUOTED_INCLUDE_IN_FRAMEWORK_HEADER = YES;
				CLANG_WARN_RANGE_LOOP_ANALYSIS = YES;
				CLANG_WARN_STRICT_PROTOTYPES = YES;
				CLANG_WARN_SUSPICIOUS_MOVE = YES;
				CLANG_WARN_UNGUARDED_AVAILABILITY = YES_AGGRESSIVE;
				CLANG_WARN_UNREACHABLE_CODE = YES;
				CLANG_WARN__DUPLICATE_METHOD_MATCH = YES;
				COPY_PHASE_STRIP = NO;
				DEBUG_INFORMATION_FORMAT = dwarf;
				ENABLE_STRICT_OBJC_MSGSEND = YES;
				ENABLE_TESTABILITY = YES;
				ENABLE_USER_SCRIPT_SANDBOXING = YES;
				GCC_C_LANGUAGE_STANDARD = gnu17;
				GCC_DYNAMIC_NO_PIC = NO;
				GCC_NO_COMMON_BLOCKS = YES;
				GCC_OPTIMIZATION_LEVEL = 0;
				GCC_PREPROCESSOR_DEFINITIONS = (
					"DEBUG=1",
					"$(inherited)",
				);
				GCC_WARN_64_TO_32_BIT_CONVERSION = YES;
				GCC_WARN_ABOUT_RETURN_TYPE = YES_ERROR;
				GCC_WARN_UNDECLARED_SELECTOR = YES;
				GCC_WARN_UNINITIALIZED_AUTOS = YES_AGGRESSIVE;
				GCC_WARN_UNUSED_FUNCTION = YES;
				GCC_WARN_UNUSED_VARIABLE = YES;
				IPHONEOS_DEPLOYMENT_TARGET = 17.2;
				LOCALIZATION_PREFERS_STRING_CATALOGS = YES;
				MTL_ENABLE_DEBUG_INFO = INCLUDE_SOURCE;
				MTL_FAST_MATH = YES;
				ONLY_ACTIVE_ARCH = YES;
				SDKROOT = iphoneos;
				SWIFT_ACTIVE_COMPILATION_CONDITIONS = "DEBUG $(inherited)";
				SWIFT_OPTIMIZATION_LEVEL = "-Onone";
			};
			name = Debug;
		};
		D93C66DF2C355F48003EE0F2 /* Release */ = {
			isa = XCBuildConfiguration;
			buildSettings = {
				ALWAYS_SEARCH_USER_PATHS = NO;
				ASSETCATALOG_COMPILER_GENERATE_SWIFT_ASSET_SYMBOL_EXTENSIONS = YES;
				CLANG_ANALYZER_NONNULL = YES;
				CLANG_ANALYZER_NUMBER_OBJECT_CONVERSION = YES_AGGRESSIVE;
				CLANG_CXX_LANGUAGE_STANDARD = "gnu++20";
				CLANG_ENABLE_MODULES = YES;
				CLANG_ENABLE_OBJC_ARC = YES;
				CLANG_ENABLE_OBJC_WEAK = YES;
				CLANG_WARN_BLOCK_CAPTURE_AUTORELEASING = YES;
				CLANG_WARN_BOOL_CONVERSION = YES;
				CLANG_WARN_COMMA = YES;
				CLANG_WARN_CONSTANT_CONVERSION = YES;
				CLANG_WARN_DEPRECATED_OBJC_IMPLEMENTATIONS = YES;
				CLANG_WARN_DIRECT_OBJC_ISA_USAGE = YES_ERROR;
				CLANG_WARN_DOCUMENTATION_COMMENTS = YES;
				CLANG_WARN_EMPTY_BODY = YES;
				CLANG_WARN_ENUM_CONVERSION = YES;
				CLANG_WARN_INFINITE_RECURSION = YES;
				CLANG_WARN_INT_CONVERSION = YES;
				CLANG_WARN_NON_LITERAL_NULL_CONVERSION = YES;
				CLANG_WARN_OBJC_IMPLICIT_RETAIN_SELF = YES;
				CLANG_WARN_OBJC_LITERAL_CONVERSION = YES;
				CLANG_WARN_OBJC_ROOT_CLASS = YES_ERROR;
				CLANG_WARN_QUOTED_INCLUDE_IN_FRAMEWORK_HEADER = YES;
				CLANG_WARN_RANGE_LOOP_ANALYSIS = YES;
				CLANG_WARN_STRICT_PROTOTYPES = YES;
				CLANG_WARN_SUSPICIOUS_MOVE = YES;
				CLANG_WARN_UNGUARDED_AVAILABILITY = YES_AGGRESSIVE;
				CLANG_WARN_UNREACHABLE_CODE = YES;
				CLANG_WARN__DUPLICATE_METHOD_MATCH = YES;
				COPY_PHASE_STRIP = NO;
				DEBUG_INFORMATION_FORMAT = "dwarf-with-dsym";
				ENABLE_NS_ASSERTIONS = NO;
				ENABLE_STRICT_OBJC_MSGSEND = YES;
				ENABLE_USER_SCRIPT_SANDBOXING = YES;
				GCC_C_LANGUAGE_STANDARD = gnu17;
				GCC_NO_COMMON_BLOCKS = YES;
				GCC_WARN_64_TO_32_BIT_CONVERSION = YES;
				GCC_WARN_ABOUT_RETURN_TYPE = YES_ERROR;
				GCC_WARN_UNDECLARED_SELECTOR = YES;
				GCC_WARN_UNINITIALIZED_AUTOS = YES_AGGRESSIVE;
				GCC_WARN_UNUSED_FUNCTION = YES;
				GCC_WARN_UNUSED_VARIABLE = YES;
				IPHONEOS_DEPLOYMENT_TARGET = 17.2;
				LOCALIZATION_PREFERS_STRING_CATALOGS = YES;
				MTL_ENABLE_DEBUG_INFO = NO;
				MTL_FAST_MATH = YES;
				SDKROOT = iphoneos;
				SWIFT_COMPILATION_MODE = wholemodule;
				VALIDATE_PRODUCT = YES;
			};
			name = Release;
		};
		D93C66E12C355F48003EE0F2 /* Debug */ = {
			isa = XCBuildConfiguration;
			buildSettings = {
				ASSETCATALOG_COMPILER_APPICON_NAME = AppIcon;
				ASSETCATALOG_COMPILER_GLOBAL_ACCENT_COLOR_NAME = AccentColor;
				CODE_SIGN_STYLE = Automatic;
				CURRENT_PROJECT_VERSION = 1;
				DEVELOPMENT_ASSET_PATHS = "\"Hike/Preview Content\"";
				DEVELOPMENT_TEAM = 9LUQS2HF2N;
				ENABLE_PREVIEWS = YES;
				GENERATE_INFOPLIST_FILE = YES;
				INFOPLIST_KEY_UIApplicationSceneManifest_Generation = YES;
				INFOPLIST_KEY_UIApplicationSupportsIndirectInputEvents = YES;
				INFOPLIST_KEY_UILaunchScreen_Generation = YES;
				INFOPLIST_KEY_UISupportedInterfaceOrientations_iPad = "UIInterfaceOrientationPortrait UIInterfaceOrientationPortraitUpsideDown UIInterfaceOrientationLandscapeLeft UIInterfaceOrientationLandscapeRight";
				INFOPLIST_KEY_UISupportedInterfaceOrientations_iPhone = "UIInterfaceOrientationPortrait UIInterfaceOrientationLandscapeLeft UIInterfaceOrientationLandscapeRight";
				LD_RUNPATH_SEARCH_PATHS = (
					"$(inherited)",
					"@executable_path/Frameworks",
				);
				MARKETING_VERSION = 1.0;
				PRODUCT_BUNDLE_IDENTIFIER = com.ivanj.Hike;
				PRODUCT_NAME = "$(TARGET_NAME)";
				SWIFT_EMIT_LOC_STRINGS = YES;
				SWIFT_VERSION = 5.0;
				TARGETED_DEVICE_FAMILY = "1,2";
			};
			name = Debug;
		};
		D93C66E22C355F48003EE0F2 /* Release */ = {
			isa = XCBuildConfiguration;
			buildSettings = {
				ASSETCATALOG_COMPILER_APPICON_NAME = AppIcon;
				ASSETCATALOG_COMPILER_GLOBAL_ACCENT_COLOR_NAME = AccentColor;
				CODE_SIGN_STYLE = Automatic;
				CURRENT_PROJECT_VERSION = 1;
				DEVELOPMENT_ASSET_PATHS = "\"Hike/Preview Content\"";
				DEVELOPMENT_TEAM = 9LUQS2HF2N;
				ENABLE_PREVIEWS = YES;
				GENERATE_INFOPLIST_FILE = YES;
				INFOPLIST_KEY_UIApplicationSceneManifest_Generation = YES;
				INFOPLIST_KEY_UIApplicationSupportsIndirectInputEvents = YES;
				INFOPLIST_KEY_UILaunchScreen_Generation = YES;
				INFOPLIST_KEY_UISupportedInterfaceOrientations_iPad = "UIInterfaceOrientationPortrait UIInterfaceOrientationPortraitUpsideDown UIInterfaceOrientationLandscapeLeft UIInterfaceOrientationLandscapeRight";
				INFOPLIST_KEY_UISupportedInterfaceOrientations_iPhone = "UIInterfaceOrientationPortrait UIInterfaceOrientationLandscapeLeft UIInterfaceOrientationLandscapeRight";
				LD_RUNPATH_SEARCH_PATHS = (
					"$(inherited)",
					"@executable_path/Frameworks",
				);
				MARKETING_VERSION = 1.0;
				PRODUCT_BUNDLE_IDENTIFIER = com.ivanj.Hike;
				PRODUCT_NAME = "$(TARGET_NAME)";
				SWIFT_EMIT_LOC_STRINGS = YES;
				SWIFT_VERSION = 5.0;
				TARGETED_DEVICE_FAMILY = "1,2";
			};
			name = Release;
		};
/* End XCBuildConfiguration section */

/* Begin XCConfigurationList section */
		D93C66CD2C355F47003EE0F2 /* Build configuration list for PBXProject "Hike" */ = {
			isa = XCConfigurationList;
			buildConfigurations = (
				D93C66DE2C355F48003EE0F2 /* Debug */,
				D93C66DF2C355F48003EE0F2 /* Release */,
			);
			defaultConfigurationIsVisible = 0;
			defaultConfigurationName = Release;
		};
		D93C66E02C355F48003EE0F2 /* Build configuration list for PBXNativeTarget "Hike" */ = {
			isa = XCConfigurationList;
			buildConfigurations = (
				D93C66E12C355F48003EE0F2 /* Debug */,
				D93C66E22C355F48003EE0F2 /* Release */,
			);
			defaultConfigurationIsVisible = 0;
			defaultConfigurationName = Release;
		};
/* End XCConfigurationList section */
	};
	rootObject = D93C66CA2C355F47003EE0F2 /* Project object */;
}
